// !$*UTF8*$!
{
	archiveVersion = 1;
	classes = {
	};
	objectVersion = 55;
	objects = {

/* Begin PBXBuildFile section */
		042CB6D2282DAD4100940A25 /* SimpleGroup.swift in Sources */ = {isa = PBXBuildFile; fileRef = 042CB6D1282DAD4100940A25 /* SimpleGroup.swift */; };
		042CB6D5282DAED100940A25 /* MyGroupsViewController.swift in Sources */ = {isa = PBXBuildFile; fileRef = 042CB6D4282DAED100940A25 /* MyGroupsViewController.swift */; };
		042CB6D8282DAFA100940A25 /* SubscribeGroupViewController.swift in Sources */ = {isa = PBXBuildFile; fileRef = 042CB6D7282DAFA100940A25 /* SubscribeGroupViewController.swift */; };
		043239F8282DC2A9000FE6E4 /* MyGroupTableViewCell.swift in Sources */ = {isa = PBXBuildFile; fileRef = 043239F6282DC2A9000FE6E4 /* MyGroupTableViewCell.swift */; };
		043239F9282DC2A9000FE6E4 /* MyGroupTableViewCell.xib in Resources */ = {isa = PBXBuildFile; fileRef = 043239F7282DC2A9000FE6E4 /* MyGroupTableViewCell.xib */; };
		043239FD28319329000FE6E4 /* SubscribeGroupsTableViewCell.swift in Sources */ = {isa = PBXBuildFile; fileRef = 043239FB28319329000FE6E4 /* SubscribeGroupsTableViewCell.swift */; };
		043239FE28319329000FE6E4 /* SubscribeGroupsTableViewCell.xib in Resources */ = {isa = PBXBuildFile; fileRef = 043239FC28319329000FE6E4 /* SubscribeGroupsTableViewCell.xib */; };
		045772A7282513E700CA4804 /* AppDelegate.swift in Sources */ = {isa = PBXBuildFile; fileRef = 045772A6282513E700CA4804 /* AppDelegate.swift */; };
		045772A9282513E700CA4804 /* SceneDelegate.swift in Sources */ = {isa = PBXBuildFile; fileRef = 045772A8282513E700CA4804 /* SceneDelegate.swift */; };
		045772AE282513E700CA4804 /* Main.storyboard in Resources */ = {isa = PBXBuildFile; fileRef = 045772AC282513E700CA4804 /* Main.storyboard */; };
		045772B0282513E700CA4804 /* Assets.xcassets in Resources */ = {isa = PBXBuildFile; fileRef = 045772AF282513E700CA4804 /* Assets.xcassets */; };
		045772B3282513E700CA4804 /* LaunchScreen.storyboard in Resources */ = {isa = PBXBuildFile; fileRef = 045772B1282513E700CA4804 /* LaunchScreen.storyboard */; };
		045772C12825183C00CA4804 /* LogInViewController.swift in Sources */ = {isa = PBXBuildFile; fileRef = 045772C02825183C00CA4804 /* LogInViewController.swift */; };
		045772C42825238A00CA4804 /* SettingsViewController.swift in Sources */ = {isa = PBXBuildFile; fileRef = 045772C32825238A00CA4804 /* SettingsViewController.swift */; };
		04C646682826588500BF5E03 /* InternetUser.swift in Sources */ = {isa = PBXBuildFile; fileRef = 04C646672826588500BF5E03 /* InternetUser.swift */; };
		04C6466A28265A4500BF5E03 /* SimpleUser.swift in Sources */ = {isa = PBXBuildFile; fileRef = 04C6466928265A4500BF5E03 /* SimpleUser.swift */; };
		04C6466E2826710500BF5E03 /* FriendsViewController.swift in Sources */ = {isa = PBXBuildFile; fileRef = 04C6466D2826710500BF5E03 /* FriendsViewController.swift */; };
		04F19C73282A5FC8009D353E /* FriendsTableViewCell.swift in Sources */ = {isa = PBXBuildFile; fileRef = 04F19C71282A5FC8009D353E /* FriendsTableViewCell.swift */; };
		04F19C74282A5FC8009D353E /* FriendsTableViewCell.xib in Resources */ = {isa = PBXBuildFile; fileRef = 04F19C72282A5FC8009D353E /* FriendsTableViewCell.xib */; };
		04F19C77282A612B009D353E /* CardView.swift in Sources */ = {isa = PBXBuildFile; fileRef = 04F19C76282A612B009D353E /* CardView.swift */; };
		04F19C7A282A61A7009D353E /* UIViewExtension.swift in Sources */ = {isa = PBXBuildFile; fileRef = 04F19C79282A61A7009D353E /* UIViewExtension.swift */; };
		04F19C7C282A696E009D353E /* SimplePhoto.swift in Sources */ = {isa = PBXBuildFile; fileRef = 04F19C7B282A696E009D353E /* SimplePhoto.swift */; };
		04F19C7F282AC834009D353E /* FriendsPhotosViewController.swift in Sources */ = {isa = PBXBuildFile; fileRef = 04F19C7E282AC834009D353E /* FriendsPhotosViewController.swift */; };
		04F19C83282ACBAB009D353E /* FriendsPhotosCollectionViewCell.swift in Sources */ = {isa = PBXBuildFile; fileRef = 04F19C81282ACBAB009D353E /* FriendsPhotosCollectionViewCell.swift */; };
		04F19C84282ACBAB009D353E /* FriendsPhotosCollectionViewCell.xib in Resources */ = {isa = PBXBuildFile; fileRef = 04F19C82282ACBAB009D353E /* FriendsPhotosCollectionViewCell.xib */; };
		04F19C87282BEC7F009D353E /* LikePhotoViewController.swift in Sources */ = {isa = PBXBuildFile; fileRef = 04F19C86282BEC7F009D353E /* LikePhotoViewController.swift */; };
/* End PBXBuildFile section */

/* Begin PBXFileReference section */
		042CB6D1282DAD4100940A25 /* SimpleGroup.swift */ = {isa = PBXFileReference; lastKnownFileType = sourcecode.swift; path = SimpleGroup.swift; sourceTree = "<group>"; };
		042CB6D4282DAED100940A25 /* MyGroupsViewController.swift */ = {isa = PBXFileReference; lastKnownFileType = sourcecode.swift; path = MyGroupsViewController.swift; sourceTree = "<group>"; };
		042CB6D7282DAFA100940A25 /* SubscribeGroupViewController.swift */ = {isa = PBXFileReference; lastKnownFileType = sourcecode.swift; path = SubscribeGroupViewController.swift; sourceTree = "<group>"; };
		043239F6282DC2A9000FE6E4 /* MyGroupTableViewCell.swift */ = {isa = PBXFileReference; lastKnownFileType = sourcecode.swift; path = MyGroupTableViewCell.swift; sourceTree = "<group>"; };
		043239F7282DC2A9000FE6E4 /* MyGroupTableViewCell.xib */ = {isa = PBXFileReference; lastKnownFileType = file.xib; path = MyGroupTableViewCell.xib; sourceTree = "<group>"; };
		043239FB28319329000FE6E4 /* SubscribeGroupsTableViewCell.swift */ = {isa = PBXFileReference; lastKnownFileType = sourcecode.swift; path = SubscribeGroupsTableViewCell.swift; sourceTree = "<group>"; };
		043239FC28319329000FE6E4 /* SubscribeGroupsTableViewCell.xib */ = {isa = PBXFileReference; lastKnownFileType = file.xib; path = SubscribeGroupsTableViewCell.xib; sourceTree = "<group>"; };
		045772A3282513E700CA4804 /* Sveta's task by Ivan.app */ = {isa = PBXFileReference; explicitFileType = wrapper.application; includeInIndex = 0; path = "Sveta's task by Ivan.app"; sourceTree = BUILT_PRODUCTS_DIR; };
		045772A6282513E700CA4804 /* AppDelegate.swift */ = {isa = PBXFileReference; lastKnownFileType = sourcecode.swift; path = AppDelegate.swift; sourceTree = "<group>"; };
		045772A8282513E700CA4804 /* SceneDelegate.swift */ = {isa = PBXFileReference; lastKnownFileType = sourcecode.swift; path = SceneDelegate.swift; sourceTree = "<group>"; };
		045772AD282513E700CA4804 /* Base */ = {isa = PBXFileReference; lastKnownFileType = file.storyboard; name = Base; path = Base.lproj/Main.storyboard; sourceTree = "<group>"; };
		045772AF282513E700CA4804 /* Assets.xcassets */ = {isa = PBXFileReference; lastKnownFileType = folder.assetcatalog; path = Assets.xcassets; sourceTree = "<group>"; };
		045772B2282513E700CA4804 /* Base */ = {isa = PBXFileReference; lastKnownFileType = file.storyboard; name = Base; path = Base.lproj/LaunchScreen.storyboard; sourceTree = "<group>"; };
		045772B4282513E700CA4804 /* Info.plist */ = {isa = PBXFileReference; lastKnownFileType = text.plist.xml; path = Info.plist; sourceTree = "<group>"; };
		045772C02825183C00CA4804 /* LogInViewController.swift */ = {isa = PBXFileReference; lastKnownFileType = sourcecode.swift; path = LogInViewController.swift; sourceTree = "<group>"; };
		045772C32825238A00CA4804 /* SettingsViewController.swift */ = {isa = PBXFileReference; lastKnownFileType = sourcecode.swift; path = SettingsViewController.swift; sourceTree = "<group>"; };
		04C646672826588500BF5E03 /* InternetUser.swift */ = {isa = PBXFileReference; lastKnownFileType = sourcecode.swift; path = InternetUser.swift; sourceTree = "<group>"; };
		04C6466928265A4500BF5E03 /* SimpleUser.swift */ = {isa = PBXFileReference; lastKnownFileType = sourcecode.swift; path = SimpleUser.swift; sourceTree = "<group>"; };
		04C6466D2826710500BF5E03 /* FriendsViewController.swift */ = {isa = PBXFileReference; lastKnownFileType = sourcecode.swift; path = FriendsViewController.swift; sourceTree = "<group>"; };
		04F19C71282A5FC8009D353E /* FriendsTableViewCell.swift */ = {isa = PBXFileReference; lastKnownFileType = sourcecode.swift; path = FriendsTableViewCell.swift; sourceTree = "<group>"; };
		04F19C72282A5FC8009D353E /* FriendsTableViewCell.xib */ = {isa = PBXFileReference; lastKnownFileType = file.xib; path = FriendsTableViewCell.xib; sourceTree = "<group>"; };
		04F19C76282A612B009D353E /* CardView.swift */ = {isa = PBXFileReference; lastKnownFileType = sourcecode.swift; path = CardView.swift; sourceTree = "<group>"; };
		04F19C79282A61A7009D353E /* UIViewExtension.swift */ = {isa = PBXFileReference; lastKnownFileType = sourcecode.swift; path = UIViewExtension.swift; sourceTree = "<group>"; };
		04F19C7B282A696E009D353E /* SimplePhoto.swift */ = {isa = PBXFileReference; lastKnownFileType = sourcecode.swift; path = SimplePhoto.swift; sourceTree = "<group>"; };
		04F19C7E282AC834009D353E /* FriendsPhotosViewController.swift */ = {isa = PBXFileReference; lastKnownFileType = sourcecode.swift; path = FriendsPhotosViewController.swift; sourceTree = "<group>"; };
		04F19C81282ACBAB009D353E /* FriendsPhotosCollectionViewCell.swift */ = {isa = PBXFileReference; lastKnownFileType = sourcecode.swift; path = FriendsPhotosCollectionViewCell.swift; sourceTree = "<group>"; };
		04F19C82282ACBAB009D353E /* FriendsPhotosCollectionViewCell.xib */ = {isa = PBXFileReference; lastKnownFileType = file.xib; path = FriendsPhotosCollectionViewCell.xib; sourceTree = "<group>"; };
		04F19C86282BEC7F009D353E /* LikePhotoViewController.swift */ = {isa = PBXFileReference; lastKnownFileType = sourcecode.swift; path = LikePhotoViewController.swift; sourceTree = "<group>"; };
/* End PBXFileReference section */

/* Begin PBXFrameworksBuildPhase section */
		045772A0282513E700CA4804 /* Frameworks */ = {
			isa = PBXFrameworksBuildPhase;
			buildActionMask = 2147483647;
			files = (
			);
			runOnlyForDeploymentPostprocessing = 0;
		};
/* End PBXFrameworksBuildPhase section */

/* Begin PBXGroup section */
		042CB6D3282DAEB500940A25 /* MyGroupsViewController */ = {
			isa = PBXGroup;
			children = (
				042CB6D4282DAED100940A25 /* MyGroupsViewController.swift */,
			);
			path = MyGroupsViewController;
			sourceTree = "<group>";
		};
		042CB6D6282DAF7C00940A25 /* SubscribeGroupViewController */ = {
			isa = PBXGroup;
			children = (
				042CB6D7282DAFA100940A25 /* SubscribeGroupViewController.swift */,
			);
			path = SubscribeGroupViewController;
			sourceTree = "<group>";
		};
		043239F4282DC266000FE6E4 /* FriendsTableViewCell */ = {
			isa = PBXGroup;
			children = (
				04F19C71282A5FC8009D353E /* FriendsTableViewCell.swift */,
				04F19C72282A5FC8009D353E /* FriendsTableViewCell.xib */,
			);
			path = FriendsTableViewCell;
			sourceTree = "<group>";
		};
		043239F5282DC286000FE6E4 /* MyGroupsTableViewCell */ = {
			isa = PBXGroup;
			children = (
				043239F6282DC2A9000FE6E4 /* MyGroupTableViewCell.swift */,
				043239F7282DC2A9000FE6E4 /* MyGroupTableViewCell.xib */,
			);
			path = MyGroupsTableViewCell;
			sourceTree = "<group>";
		};
		043239FA283192E8000FE6E4 /* SubsctibeToGroupTableViewCell */ = {
			isa = PBXGroup;
			children = (
				043239FB28319329000FE6E4 /* SubscribeGroupsTableViewCell.swift */,
				043239FC28319329000FE6E4 /* SubscribeGroupsTableViewCell.xib */,
			);
			path = SubsctibeToGroupTableViewCell;
			sourceTree = "<group>";
		};
		0457729A282513E700CA4804 = {
			isa = PBXGroup;
			children = (
				045772A5282513E700CA4804 /* Sveta's task by Ivan */,
				045772A4282513E700CA4804 /* Products */,
			);
			sourceTree = "<group>";
		};
		045772A4282513E700CA4804 /* Products */ = {
			isa = PBXGroup;
			children = (
				045772A3282513E700CA4804 /* Sveta's task by Ivan.app */,
			);
			name = Products;
			sourceTree = "<group>";
		};
		045772A5282513E700CA4804 /* Sveta's task by Ivan */ = {
			isa = PBXGroup;
			children = (
				04C64664282542AD00BF5E03 /* Extensions */,
				045772BC2825147B00CA4804 /* Custom Views */,
				045772BB2825142800CA4804 /* Views */,
				045772BA2825142000CA4804 /* Models */,
				045772A6282513E700CA4804 /* AppDelegate.swift */,
				045772A8282513E700CA4804 /* SceneDelegate.swift */,
				045772AC282513E700CA4804 /* Main.storyboard */,
				045772AF282513E700CA4804 /* Assets.xcassets */,
				045772B1282513E700CA4804 /* LaunchScreen.storyboard */,
				045772B4282513E700CA4804 /* Info.plist */,
			);
			path = "Sveta's task by Ivan";
			sourceTree = "<group>";
		};
		045772BA2825142000CA4804 /* Models */ = {
			isa = PBXGroup;
			children = (
				04C646672826588500BF5E03 /* InternetUser.swift */,
				04C6466928265A4500BF5E03 /* SimpleUser.swift */,
				04F19C7B282A696E009D353E /* SimplePhoto.swift */,
				042CB6D1282DAD4100940A25 /* SimpleGroup.swift */,
			);
			path = Models;
			sourceTree = "<group>";
		};
		045772BB2825142800CA4804 /* Views */ = {
			isa = PBXGroup;
			children = (
				042CB6D6282DAF7C00940A25 /* SubscribeGroupViewController */,
				042CB6D3282DAEB500940A25 /* MyGroupsViewController */,
				04F19C85282BEC63009D353E /* LikePhotoViewController */,
				04F19C7D282AC800009D353E /* FriendsPhotesViewController */,
				04C6466C282670D500BF5E03 /* FriendsViewController */,
				045772C22825235F00CA4804 /* SettingsController */,
				045772BF282517D700CA4804 /* LogInController */,
			);
			path = Views;
			sourceTree = "<group>";
		};
		045772BC2825147B00CA4804 /* Custom Views */ = {
			isa = PBXGroup;
			children = (
				04F19C75282A611C009D353E /* CardView */,
				045772BE2825149800CA4804 /* CollectionViewCells */,
				045772BD2825148C00CA4804 /* TableViewCells */,
			);
			path = "Custom Views";
			sourceTree = "<group>";
		};
		045772BD2825148C00CA4804 /* TableViewCells */ = {
			isa = PBXGroup;
			children = (
				043239FA283192E8000FE6E4 /* SubsctibeToGroupTableViewCell */,
				043239F5282DC286000FE6E4 /* MyGroupsTableViewCell */,
				043239F4282DC266000FE6E4 /* FriendsTableViewCell */,
			);
			path = TableViewCells;
			sourceTree = "<group>";
		};
		045772BE2825149800CA4804 /* CollectionViewCells */ = {
			isa = PBXGroup;
			children = (
				04F19C80282ACB70009D353E /* FriendsPhotosCollectionViewCell */,
			);
			path = CollectionViewCells;
			sourceTree = "<group>";
		};
		045772BF282517D700CA4804 /* LogInController */ = {
			isa = PBXGroup;
			children = (
				045772C02825183C00CA4804 /* LogInViewController.swift */,
			);
			path = LogInController;
			sourceTree = "<group>";
		};
		045772C22825235F00CA4804 /* SettingsController */ = {
			isa = PBXGroup;
			children = (
				045772C32825238A00CA4804 /* SettingsViewController.swift */,
			);
			path = SettingsController;
			sourceTree = "<group>";
		};
		04C64664282542AD00BF5E03 /* Extensions */ = {
			isa = PBXGroup;
			children = (
				04F19C78282A618C009D353E /* UIView+Extension */,
			);
			path = Extensions;
			sourceTree = "<group>";
		};
		04C6466C282670D500BF5E03 /* FriendsViewController */ = {
			isa = PBXGroup;
			children = (
				04C6466D2826710500BF5E03 /* FriendsViewController.swift */,
			);
			path = FriendsViewController;
			sourceTree = "<group>";
		};
		04F19C75282A611C009D353E /* CardView */ = {
			isa = PBXGroup;
			children = (
				04F19C76282A612B009D353E /* CardView.swift */,
			);
			path = CardView;
			sourceTree = "<group>";
		};
		04F19C78282A618C009D353E /* UIView+Extension */ = {
			isa = PBXGroup;
			children = (
				04F19C79282A61A7009D353E /* UIViewExtension.swift */,
			);
			path = "UIView+Extension";
			sourceTree = "<group>";
		};
		04F19C7D282AC800009D353E /* FriendsPhotesViewController */ = {
			isa = PBXGroup;
			children = (
				04F19C7E282AC834009D353E /* FriendsPhotosViewController.swift */,
			);
			path = FriendsPhotesViewController;
			sourceTree = "<group>";
		};
		04F19C80282ACB70009D353E /* FriendsPhotosCollectionViewCell */ = {
			isa = PBXGroup;
			children = (
				04F19C81282ACBAB009D353E /* FriendsPhotosCollectionViewCell.swift */,
				04F19C82282ACBAB009D353E /* FriendsPhotosCollectionViewCell.xib */,
			);
			path = FriendsPhotosCollectionViewCell;
			sourceTree = "<group>";
		};
		04F19C85282BEC63009D353E /* LikePhotoViewController */ = {
			isa = PBXGroup;
			children = (
				04F19C86282BEC7F009D353E /* LikePhotoViewController.swift */,
			);
			path = LikePhotoViewController;
			sourceTree = "<group>";
		};
/* End PBXGroup section */

/* Begin PBXNativeTarget section */
		045772A2282513E700CA4804 /* Sveta's task by Ivan */ = {
			isa = PBXNativeTarget;
			buildConfigurationList = 045772B7282513E700CA4804 /* Build configuration list for PBXNativeTarget "Sveta's task by Ivan" */;
			buildPhases = (
				0457729F282513E700CA4804 /* Sources */,
				045772A0282513E700CA4804 /* Frameworks */,
				045772A1282513E700CA4804 /* Resources */,
			);
			buildRules = (
			);
			dependencies = (
			);
			name = "Sveta's task by Ivan";
			productName = "Sveta's task by Ivan";
			productReference = 045772A3282513E700CA4804 /* Sveta's task by Ivan.app */;
			productType = "com.apple.product-type.application";
		};
/* End PBXNativeTarget section */

/* Begin PBXProject section */
		0457729B282513E700CA4804 /* Project object */ = {
			isa = PBXProject;
			attributes = {
				BuildIndependentTargetsInParallel = 1;
				LastSwiftUpdateCheck = 1330;
				LastUpgradeCheck = 1330;
				TargetAttributes = {
					045772A2282513E700CA4804 = {
						CreatedOnToolsVersion = 13.3;
					};
				};
			};
			buildConfigurationList = 0457729E282513E700CA4804 /* Build configuration list for PBXProject "Sveta's task by Ivan" */;
			compatibilityVersion = "Xcode 13.0";
			developmentRegion = en;
			hasScannedForEncodings = 0;
			knownRegions = (
				en,
				Base,
			);
			mainGroup = 0457729A282513E700CA4804;
			productRefGroup = 045772A4282513E700CA4804 /* Products */;
			projectDirPath = "";
			projectRoot = "";
			targets = (
				045772A2282513E700CA4804 /* Sveta's task by Ivan */,
			);
		};
/* End PBXProject section */

/* Begin PBXResourcesBuildPhase section */
		045772A1282513E700CA4804 /* Resources */ = {
			isa = PBXResourcesBuildPhase;
			buildActionMask = 2147483647;
			files = (
				045772B3282513E700CA4804 /* LaunchScreen.storyboard in Resources */,
				045772B0282513E700CA4804 /* Assets.xcassets in Resources */,
				045772AE282513E700CA4804 /* Main.storyboard in Resources */,
				043239F9282DC2A9000FE6E4 /* MyGroupTableViewCell.xib in Resources */,
				04F19C84282ACBAB009D353E /* FriendsPhotosCollectionViewCell.xib in Resources */,
				04F19C74282A5FC8009D353E /* FriendsTableViewCell.xib in Resources */,
				043239FE28319329000FE6E4 /* SubscribeGroupsTableViewCell.xib in Resources */,
			);
			runOnlyForDeploymentPostprocessing = 0;
		};
/* End PBXResourcesBuildPhase section */

/* Begin PBXSourcesBuildPhase section */
		0457729F282513E700CA4804 /* Sources */ = {
			isa = PBXSourcesBuildPhase;
			buildActionMask = 2147483647;
			files = (
				04F19C7A282A61A7009D353E /* UIViewExtension.swift in Sources */,
				04F19C7F282AC834009D353E /* FriendsPhotosViewController.swift in Sources */,
				043239FD28319329000FE6E4 /* SubscribeGroupsTableViewCell.swift in Sources */,
				042CB6D2282DAD4100940A25 /* SimpleGroup.swift in Sources */,
				04F19C7C282A696E009D353E /* SimplePhoto.swift in Sources */,
				045772C12825183C00CA4804 /* LogInViewController.swift in Sources */,
				04F19C77282A612B009D353E /* CardView.swift in Sources */,
				045772A7282513E700CA4804 /* AppDelegate.swift in Sources */,
				04F19C87282BEC7F009D353E /* LikePhotoViewController.swift in Sources */,
				045772A9282513E700CA4804 /* SceneDelegate.swift in Sources */,
				04F19C73282A5FC8009D353E /* FriendsTableViewCell.swift in Sources */,
				04F19C83282ACBAB009D353E /* FriendsPhotosCollectionViewCell.swift in Sources */,
				045772C42825238A00CA4804 /* SettingsViewController.swift in Sources */,
				042CB6D5282DAED100940A25 /* MyGroupsViewController.swift in Sources */,
				04C6466E2826710500BF5E03 /* FriendsViewController.swift in Sources */,
				04C6466A28265A4500BF5E03 /* SimpleUser.swift in Sources */,
				043239F8282DC2A9000FE6E4 /* MyGroupTableViewCell.swift in Sources */,
				04C646682826588500BF5E03 /* InternetUser.swift in Sources */,
				042CB6D8282DAFA100940A25 /* SubscribeGroupViewController.swift in Sources */,
			);
			runOnlyForDeploymentPostprocessing = 0;
		};
/* End PBXSourcesBuildPhase section */

/* Begin PBXVariantGroup section */
		045772AC282513E700CA4804 /* Main.storyboard */ = {
			isa = PBXVariantGroup;
			children = (
				045772AD282513E700CA4804 /* Base */,
			);
			name = Main.storyboard;
			sourceTree = "<group>";
		};
		045772B1282513E700CA4804 /* LaunchScreen.storyboard */ = {
			isa = PBXVariantGroup;
			children = (
				045772B2282513E700CA4804 /* Base */,
			);
			name = LaunchScreen.storyboard;
			sourceTree = "<group>";
		};
/* End PBXVariantGroup section */

/* Begin XCBuildConfiguration section */
		045772B5282513E700CA4804 /* Debug */ = {
			isa = XCBuildConfiguration;
			buildSettings = {
				ALWAYS_SEARCH_USER_PATHS = NO;
				CLANG_ANALYZER_NONNULL = YES;
				CLANG_ANALYZER_NUMBER_OBJECT_CONVERSION = YES_AGGRESSIVE;
				CLANG_CXX_LANGUAGE_STANDARD = "gnu++17";
				CLANG_ENABLE_MODULES = YES;
				CLANG_ENABLE_OBJC_ARC = YES;
				CLANG_ENABLE_OBJC_WEAK = YES;
				CLANG_WARN_BLOCK_CAPTURE_AUTORELEASING = YES;
				CLANG_WARN_BOOL_CONVERSION = YES;
				CLANG_WARN_COMMA = YES;
				CLANG_WARN_CONSTANT_CONVERSION = YES;
				CLANG_WARN_DEPRECATED_OBJC_IMPLEMENTATIONS = YES;
				CLANG_WARN_DIRECT_OBJC_ISA_USAGE = YES_ERROR;
				CLANG_WARN_DOCUMENTATION_COMMENTS = YES;
				CLANG_WARN_EMPTY_BODY = YES;
				CLANG_WARN_ENUM_CONVERSION = YES;
				CLANG_WARN_INFINITE_RECURSION = YES;
				CLANG_WARN_INT_CONVERSION = YES;
				CLANG_WARN_NON_LITERAL_NULL_CONVERSION = YES;
				CLANG_WARN_OBJC_IMPLICIT_RETAIN_SELF = YES;
				CLANG_WARN_OBJC_LITERAL_CONVERSION = YES;
				CLANG_WARN_OBJC_ROOT_CLASS = YES_ERROR;
				CLANG_WARN_QUOTED_INCLUDE_IN_FRAMEWORK_HEADER = YES;
				CLANG_WARN_RANGE_LOOP_ANALYSIS = YES;
				CLANG_WARN_STRICT_PROTOTYPES = YES;
				CLANG_WARN_SUSPICIOUS_MOVE = YES;
				CLANG_WARN_UNGUARDED_AVAILABILITY = YES_AGGRESSIVE;
				CLANG_WARN_UNREACHABLE_CODE = YES;
				CLANG_WARN__DUPLICATE_METHOD_MATCH = YES;
				COPY_PHASE_STRIP = NO;
				DEBUG_INFORMATION_FORMAT = dwarf;
				ENABLE_STRICT_OBJC_MSGSEND = YES;
				ENABLE_TESTABILITY = YES;
				GCC_C_LANGUAGE_STANDARD = gnu11;
				GCC_DYNAMIC_NO_PIC = NO;
				GCC_NO_COMMON_BLOCKS = YES;
				GCC_OPTIMIZATION_LEVEL = 0;
				GCC_PREPROCESSOR_DEFINITIONS = (
					"DEBUG=1",
					"$(inherited)",
				);
				GCC_WARN_64_TO_32_BIT_CONVERSION = YES;
				GCC_WARN_ABOUT_RETURN_TYPE = YES_ERROR;
				GCC_WARN_UNDECLARED_SELECTOR = YES;
				GCC_WARN_UNINITIALIZED_AUTOS = YES_AGGRESSIVE;
				GCC_WARN_UNUSED_FUNCTION = YES;
				GCC_WARN_UNUSED_VARIABLE = YES;
				IPHONEOS_DEPLOYMENT_TARGET = 15.4;
				MTL_ENABLE_DEBUG_INFO = INCLUDE_SOURCE;
				MTL_FAST_MATH = YES;
				ONLY_ACTIVE_ARCH = YES;
				SDKROOT = iphoneos;
				SWIFT_ACTIVE_COMPILATION_CONDITIONS = DEBUG;
				SWIFT_OPTIMIZATION_LEVEL = "-Onone";
			};
			name = Debug;
		};
		045772B6282513E700CA4804 /* Release */ = {
			isa = XCBuildConfiguration;
			buildSettings = {
				ALWAYS_SEARCH_USER_PATHS = NO;
				CLANG_ANALYZER_NONNULL = YES;
				CLANG_ANALYZER_NUMBER_OBJECT_CONVERSION = YES_AGGRESSIVE;
				CLANG_CXX_LANGUAGE_STANDARD = "gnu++17";
				CLANG_ENABLE_MODULES = YES;
				CLANG_ENABLE_OBJC_ARC = YES;
				CLANG_ENABLE_OBJC_WEAK = YES;
				CLANG_WARN_BLOCK_CAPTURE_AUTORELEASING = YES;
				CLANG_WARN_BOOL_CONVERSION = YES;
				CLANG_WARN_COMMA = YES;
				CLANG_WARN_CONSTANT_CONVERSION = YES;
				CLANG_WARN_DEPRECATED_OBJC_IMPLEMENTATIONS = YES;
				CLANG_WARN_DIRECT_OBJC_ISA_USAGE = YES_ERROR;
				CLANG_WARN_DOCUMENTATION_COMMENTS = YES;
				CLANG_WARN_EMPTY_BODY = YES;
				CLANG_WARN_ENUM_CONVERSION = YES;
				CLANG_WARN_INFINITE_RECURSION = YES;
				CLANG_WARN_INT_CONVERSION = YES;
				CLANG_WARN_NON_LITERAL_NULL_CONVERSION = YES;
				CLANG_WARN_OBJC_IMPLICIT_RETAIN_SELF = YES;
				CLANG_WARN_OBJC_LITERAL_CONVERSION = YES;
				CLANG_WARN_OBJC_ROOT_CLASS = YES_ERROR;
				CLANG_WARN_QUOTED_INCLUDE_IN_FRAMEWORK_HEADER = YES;
				CLANG_WARN_RANGE_LOOP_ANALYSIS = YES;
				CLANG_WARN_STRICT_PROTOTYPES = YES;
				CLANG_WARN_SUSPICIOUS_MOVE = YES;
				CLANG_WARN_UNGUARDED_AVAILABILITY = YES_AGGRESSIVE;
				CLANG_WARN_UNREACHABLE_CODE = YES;
				CLANG_WARN__DUPLICATE_METHOD_MATCH = YES;
				COPY_PHASE_STRIP = NO;
				DEBUG_INFORMATION_FORMAT = "dwarf-with-dsym";
				ENABLE_NS_ASSERTIONS = NO;
				ENABLE_STRICT_OBJC_MSGSEND = YES;
				GCC_C_LANGUAGE_STANDARD = gnu11;
				GCC_NO_COMMON_BLOCKS = YES;
				GCC_WARN_64_TO_32_BIT_CONVERSION = YES;
				GCC_WARN_ABOUT_RETURN_TYPE = YES_ERROR;
				GCC_WARN_UNDECLARED_SELECTOR = YES;
				GCC_WARN_UNINITIALIZED_AUTOS = YES_AGGRESSIVE;
				GCC_WARN_UNUSED_FUNCTION = YES;
				GCC_WARN_UNUSED_VARIABLE = YES;
				IPHONEOS_DEPLOYMENT_TARGET = 15.4;
				MTL_ENABLE_DEBUG_INFO = NO;
				MTL_FAST_MATH = YES;
				SDKROOT = iphoneos;
				SWIFT_COMPILATION_MODE = wholemodule;
				SWIFT_OPTIMIZATION_LEVEL = "-O";
				VALIDATE_PRODUCT = YES;
			};
			name = Release;
		};
		045772B8282513E700CA4804 /* Debug */ = {
			isa = XCBuildConfiguration;
			buildSettings = {
				ASSETCATALOG_COMPILER_APPICON_NAME = AppIcon;
				ASSETCATALOG_COMPILER_GLOBAL_ACCENT_COLOR_NAME = AccentColor;
				CODE_SIGN_STYLE = Automatic;
				CURRENT_PROJECT_VERSION = 1;
				GENERATE_INFOPLIST_FILE = YES;
				INFOPLIST_FILE = "Sveta's task by Ivan/Info.plist";
				INFOPLIST_KEY_UIApplicationSupportsIndirectInputEvents = YES;
				INFOPLIST_KEY_UILaunchStoryboardName = LaunchScreen;
				INFOPLIST_KEY_UIMainStoryboardFile = Main;
				INFOPLIST_KEY_UISupportedInterfaceOrientations_iPad = "UIInterfaceOrientationPortrait UIInterfaceOrientationPortraitUpsideDown UIInterfaceOrientationLandscapeLeft UIInterfaceOrientationLandscapeRight";
				INFOPLIST_KEY_UISupportedInterfaceOrientations_iPhone = "UIInterfaceOrientationPortrait UIInterfaceOrientationLandscapeLeft UIInterfaceOrientationLandscapeRight";
				IPHONEOS_DEPLOYMENT_TARGET = 15.2;
				LD_RUNPATH_SEARCH_PATHS = (
					"$(inherited)",
					"@executable_path/Frameworks",
				);
				MARKETING_VERSION = 1.0;
				PRODUCT_BUNDLE_IDENTIFIER = "QuickWalker.Sveta-s-task-by-Ivan";
				PRODUCT_NAME = "$(TARGET_NAME)";
				SWIFT_EMIT_LOC_STRINGS = YES;
				SWIFT_VERSION = 5.0;
				TARGETED_DEVICE_FAMILY = "1,2";
			};
			name = Debug;
		};
		045772B9282513E700CA4804 /* Release */ = {
			isa = XCBuildConfiguration;
			buildSettings = {
				ASSETCATALOG_COMPILER_APPICON_NAME = AppIcon;
				ASSETCATALOG_COMPILER_GLOBAL_ACCENT_COLOR_NAME = AccentColor;
				CODE_SIGN_STYLE = Automatic;
				CURRENT_PROJECT_VERSION = 1;
				GENERATE_INFOPLIST_FILE = YES;
				INFOPLIST_FILE = "Sveta's task by Ivan/Info.plist";
				INFOPLIST_KEY_UIApplicationSupportsIndirectInputEvents = YES;
				INFOPLIST_KEY_UILaunchStoryboardName = LaunchScreen;
				INFOPLIST_KEY_UIMainStoryboardFile = Main;
				INFOPLIST_KEY_UISupportedInterfaceOrientations_iPad = "UIInterfaceOrientationPortrait UIInterfaceOrientationPortraitUpsideDown UIInterfaceOrientationLandscapeLeft UIInterfaceOrientationLandscapeRight";
				INFOPLIST_KEY_UISupportedInterfaceOrientations_iPhone = "UIInterfaceOrientationPortrait UIInterfaceOrientationLandscapeLeft UIInterfaceOrientationLandscapeRight";
				IPHONEOS_DEPLOYMENT_TARGET = 15.2;
				LD_RUNPATH_SEARCH_PATHS = (
					"$(inherited)",
					"@executable_path/Frameworks",
				);
				MARKETING_VERSION = 1.0;
				PRODUCT_BUNDLE_IDENTIFIER = "QuickWalker.Sveta-s-task-by-Ivan";
				PRODUCT_NAME = "$(TARGET_NAME)";
				SWIFT_EMIT_LOC_STRINGS = YES;
				SWIFT_VERSION = 5.0;
				TARGETED_DEVICE_FAMILY = "1,2";
			};
			name = Release;
		};
/* End XCBuildConfiguration section */

/* Begin XCConfigurationList section */
		0457729E282513E700CA4804 /* Build configuration list for PBXProject "Sveta's task by Ivan" */ = {
			isa = XCConfigurationList;
			buildConfigurations = (
				045772B5282513E700CA4804 /* Debug */,
				045772B6282513E700CA4804 /* Release */,
			);
			defaultConfigurationIsVisible = 0;
			defaultConfigurationName = Release;
		};
		045772B7282513E700CA4804 /* Build configuration list for PBXNativeTarget "Sveta's task by Ivan" */ = {
			isa = XCConfigurationList;
			buildConfigurations = (
				045772B8282513E700CA4804 /* Debug */,
				045772B9282513E700CA4804 /* Release */,
			);
			defaultConfigurationIsVisible = 0;
			defaultConfigurationName = Release;
		};
/* End XCConfigurationList section */
	};
	rootObject = 0457729B282513E700CA4804 /* Project object */;
}
